
Microsoft Visual Studio Solution File, Format Version 12.00
# Visual Studio Version 17
VisualStudioVersion = 17.7.34031.279
MinimumVisualStudioVersion = 10.0.40219.1
Project("{FAE04EC0-301F-11D3-BF4B-00C04F79EFBC}") = "pr_web", "pr_web\pr_web.csproj", "{9A67954A-1BBC-4205-816D-5F6193E2FC05}"
EndProject
Project("{FAE04EC0-301F-11D3-BF4B-00C04F79EFBC}") = "Modelo", "Modelo\Modelo.csproj", "{13BD4BBB-B681-4763-98F4-33CFFAB088AA}"
EndProject
Global
	GlobalSection(SolutionConfigurationPlatforms) = preSolution
		Debug|Any CPU = Debug|Any CPU
		Release|Any CPU = Release|Any CPU
	EndGlobalSection
	GlobalSection(ProjectConfigurationPlatforms) = postSolution
		{9A67954A-1BBC-4205-816D-5F6193E2FC05}.Debug|Any CPU.ActiveCfg = Debug|Any CPU
		{9A67954A-1BBC-4205-816D-5F6193E2FC05}.Debug|Any CPU.Build.0 = Debug|Any CPU
		{9A67954A-1BBC-4205-816D-5F6193E2FC05}.Release|Any CPU.ActiveCfg = Release|Any CPU
		{9A67954A-1BBC-4205-816D-5F6193E2FC05}.Release|Any CPU.Build.0 = Release|Any CPU
		{13BD4BBB-B681-4763-98F4-33CFFAB088AA}.Debug|Any CPU.ActiveCfg = Debug|Any CPU
		{13BD4BBB-B681-4763-98F4-33CFFAB088AA}.Debug|Any CPU.Build.0 = Debug|Any CPU
		{13BD4BBB-B681-4763-98F4-33CFFAB088AA}.Release|Any CPU.ActiveCfg = Release|Any CPU
		{13BD4BBB-B681-4763-98F4-33CFFAB088AA}.Release|Any CPU.Build.0 = Release|Any CPU
	EndGlobalSection
	GlobalSection(SolutionProperties) = preSolution
		HideSolutionNode = FALSE
	EndGlobalSection
	GlobalSection(ExtensibilityGlobals) = postSolution
		SolutionGuid = {AEAC80A4-7F3D-43BC-AE66-1D69ED863C4E}
	EndGlobalSection
EndGlobal
